
Microsoft Visual Studio Solution File, Format Version 12.00
# Visual Studio Version 17
VisualStudioVersion = 17.5.002.0
MinimumVisualStudioVersion = 10.0.40219.1
Project("{9A19103F-16F7-4668-BE54-9A1E7A4F7556}") = "04_quicksort", "04_quicksort.csproj", "{32CB2A4A-2F67-44EB-B63C-3A6EA781D0FB}"
EndProject
Global
	GlobalSection(SolutionConfigurationPlatforms) = preSolution
		Debug|Any CPU = Debug|Any CPU
		Release|Any CPU = Release|Any CPU
	EndGlobalSection
	GlobalSection(ProjectConfigurationPlatforms) = postSolution
		{32CB2A4A-2F67-44EB-B63C-3A6EA781D0FB}.Debug|Any CPU.ActiveCfg = Debug|Any CPU
		{32CB2A4A-2F67-44EB-B63C-3A6EA781D0FB}.Debug|Any CPU.Build.0 = Debug|Any CPU
		{32CB2A4A-2F67-44EB-B63C-3A6EA781D0FB}.Release|Any CPU.ActiveCfg = Release|Any CPU
		{32CB2A4A-2F67-44EB-B63C-3A6EA781D0FB}.Release|Any CPU.Build.0 = Release|Any CPU
	EndGlobalSection
	GlobalSection(SolutionProperties) = preSolution
		HideSolutionNode = FALSE
	EndGlobalSection
	GlobalSection(ExtensibilityGlobals) = postSolution
		SolutionGuid = {00B2221C-734A-4C10-B79D-E3356773D4BA}
	EndGlobalSection
EndGlobal
